
Microsoft Visual Studio Solution File, Format Version 12.00
# Visual Studio Version 17
VisualStudioVersion = 17.14.36109.1
MinimumVisualStudioVersion = 10.0.40219.1
Project("{FAE04EC0-301F-11D3-BF4B-00C04F79EFBC}") = "CoreServiceWebApi", "CoreServiceWebApi\CoreServiceWebApi.csproj", "{C064DDE3-CE9F-4633-8F1D-73DC26F2BE39}"
EndProject
Project("{FAE04EC0-301F-11D3-BF4B-00C04F79EFBC}") = "CoreService.Domain", "CoreService.Domain\CoreService.Domain.csproj", "{10BAF611-901E-4835-A060-365DD0505443}"
EndProject
Project("{FAE04EC0-301F-11D3-BF4B-00C04F79EFBC}") = "CoreService.Infrastructure", "CoreService.Infrastructure\CoreService.Infrastructure.csproj", "{77F0D845-3045-4840-862A-B5C4A423731C}"
EndProject
Project("{FAE04EC0-301F-11D3-BF4B-00C04F79EFBC}") = "CoreService.Application", "CoreService.Application\CoreService.Application.csproj", "{4B5C096C-406F-4B10-A3F2-5B5EC07FFC6D}"
EndProject
Project("{2150E333-8FDC-42A3-9474-1A3956D46DE8}") = "src", "src", "{36D591C7-65C7-A0D1-1CBC-10CDE441BDC8}"
EndProject
Project("{2150E333-8FDC-42A3-9474-1A3956D46DE8}") = "CoreService", "CoreService", "{F3814D21-18ED-47E9-AFF0-B84EEC07E40C}"
EndProject
Project("{2150E333-8FDC-42A3-9474-1A3956D46DE8}") = "NotificationService", "NotificationService", "{4E249597-17FC-4DEE-9735-99A000DEA51E}"
EndProject
Project("{2150E333-8FDC-42A3-9474-1A3956D46DE8}") = "BuildingBlocks", "BuildingBlocks", "{B49A213B-4F79-443C-A8CF-5F94CA90257A}"
EndProject
Project("{FAE04EC0-301F-11D3-BF4B-00C04F79EFBC}") = "BuildingBlock.Events", "BuildingBlock.Events\BuildingBlock.Events.csproj", "{9D0D0BEE-E4A0-44DF-BCB2-115E4C9AE971}"
EndProject
Project("{FAE04EC0-301F-11D3-BF4B-00C04F79EFBC}") = "EventBus", "EventBus\EventBus.csproj", "{E4429E8C-480F-49C9-ADC6-F956B3CC7334}"
EndProject
Project("{FAE04EC0-301F-11D3-BF4B-00C04F79EFBC}") = "EventBusRabbitMQ", "EventBusRabbitMQ\EventBusRabbitMQ.csproj", "{8EA44AA5-C298-4BA1-B13D-A15DFE1E0DC1}"
EndProject
Project("{FAE04EC0-301F-11D3-BF4B-00C04F79EFBC}") = "Notification", "Notification\Notification.csproj", "{8F08DA73-29B3-4A7A-B09D-ED821A8455CC}"
EndProject
Global
	GlobalSection(SolutionConfigurationPlatforms) = preSolution
		Debug|Any CPU = Debug|Any CPU
		Release|Any CPU = Release|Any CPU
	EndGlobalSection
	GlobalSection(ProjectConfigurationPlatforms) = postSolution
		{C064DDE3-CE9F-4633-8F1D-73DC26F2BE39}.Debug|Any CPU.ActiveCfg = Debug|Any CPU
		{C064DDE3-CE9F-4633-8F1D-73DC26F2BE39}.Debug|Any CPU.Build.0 = Debug|Any CPU
		{C064DDE3-CE9F-4633-8F1D-73DC26F2BE39}.Release|Any CPU.ActiveCfg = Release|Any CPU
		{C064DDE3-CE9F-4633-8F1D-73DC26F2BE39}.Release|Any CPU.Build.0 = Release|Any CPU
		{10BAF611-901E-4835-A060-365DD0505443}.Debug|Any CPU.ActiveCfg = Debug|Any CPU
		{10BAF611-901E-4835-A060-365DD0505443}.Debug|Any CPU.Build.0 = Debug|Any CPU
		{10BAF611-901E-4835-A060-365DD0505443}.Release|Any CPU.ActiveCfg = Release|Any CPU
		{10BAF611-901E-4835-A060-365DD0505443}.Release|Any CPU.Build.0 = Release|Any CPU
		{77F0D845-3045-4840-862A-B5C4A423731C}.Debug|Any CPU.ActiveCfg = Debug|Any CPU
		{77F0D845-3045-4840-862A-B5C4A423731C}.Debug|Any CPU.Build.0 = Debug|Any CPU
		{77F0D845-3045-4840-862A-B5C4A423731C}.Release|Any CPU.ActiveCfg = Release|Any CPU
		{77F0D845-3045-4840-862A-B5C4A423731C}.Release|Any CPU.Build.0 = Release|Any CPU
		{4B5C096C-406F-4B10-A3F2-5B5EC07FFC6D}.Debug|Any CPU.ActiveCfg = Debug|Any CPU
		{4B5C096C-406F-4B10-A3F2-5B5EC07FFC6D}.Debug|Any CPU.Build.0 = Debug|Any CPU
		{4B5C096C-406F-4B10-A3F2-5B5EC07FFC6D}.Release|Any CPU.ActiveCfg = Release|Any CPU
		{4B5C096C-406F-4B10-A3F2-5B5EC07FFC6D}.Release|Any CPU.Build.0 = Release|Any CPU
		{9D0D0BEE-E4A0-44DF-BCB2-115E4C9AE971}.Debug|Any CPU.ActiveCfg = Debug|Any CPU
		{9D0D0BEE-E4A0-44DF-BCB2-115E4C9AE971}.Debug|Any CPU.Build.0 = Debug|Any CPU
		{9D0D0BEE-E4A0-44DF-BCB2-115E4C9AE971}.Release|Any CPU.ActiveCfg = Release|Any CPU
		{9D0D0BEE-E4A0-44DF-BCB2-115E4C9AE971}.Release|Any CPU.Build.0 = Release|Any CPU
		{E4429E8C-480F-49C9-ADC6-F956B3CC7334}.Debug|Any CPU.ActiveCfg = Debug|Any CPU
		{E4429E8C-480F-49C9-ADC6-F956B3CC7334}.Debug|Any CPU.Build.0 = Debug|Any CPU
		{E4429E8C-480F-49C9-ADC6-F956B3CC7334}.Release|Any CPU.ActiveCfg = Release|Any CPU
		{E4429E8C-480F-49C9-ADC6-F956B3CC7334}.Release|Any CPU.Build.0 = Release|Any CPU
		{8EA44AA5-C298-4BA1-B13D-A15DFE1E0DC1}.Debug|Any CPU.ActiveCfg = Debug|Any CPU
		{8EA44AA5-C298-4BA1-B13D-A15DFE1E0DC1}.Debug|Any CPU.Build.0 = Debug|Any CPU
		{8EA44AA5-C298-4BA1-B13D-A15DFE1E0DC1}.Release|Any CPU.ActiveCfg = Release|Any CPU
		{8EA44AA5-C298-4BA1-B13D-A15DFE1E0DC1}.Release|Any CPU.Build.0 = Release|Any CPU
		{8F08DA73-29B3-4A7A-B09D-ED821A8455CC}.Debug|Any CPU.ActiveCfg = Debug|Any CPU
		{8F08DA73-29B3-4A7A-B09D-ED821A8455CC}.Debug|Any CPU.Build.0 = Debug|Any CPU
		{8F08DA73-29B3-4A7A-B09D-ED821A8455CC}.Release|Any CPU.ActiveCfg = Release|Any CPU
		{8F08DA73-29B3-4A7A-B09D-ED821A8455CC}.Release|Any CPU.Build.0 = Release|Any CPU
	EndGlobalSection
	GlobalSection(SolutionProperties) = preSolution
		HideSolutionNode = FALSE
	EndGlobalSection
	GlobalSection(NestedProjects) = preSolution
		{C064DDE3-CE9F-4633-8F1D-73DC26F2BE39} = {F3814D21-18ED-47E9-AFF0-B84EEC07E40C}
		{10BAF611-901E-4835-A060-365DD0505443} = {F3814D21-18ED-47E9-AFF0-B84EEC07E40C}
		{77F0D845-3045-4840-862A-B5C4A423731C} = {F3814D21-18ED-47E9-AFF0-B84EEC07E40C}
		{4B5C096C-406F-4B10-A3F2-5B5EC07FFC6D} = {F3814D21-18ED-47E9-AFF0-B84EEC07E40C}
		{F3814D21-18ED-47E9-AFF0-B84EEC07E40C} = {36D591C7-65C7-A0D1-1CBC-10CDE441BDC8}
		{4E249597-17FC-4DEE-9735-99A000DEA51E} = {36D591C7-65C7-A0D1-1CBC-10CDE441BDC8}
		{9D0D0BEE-E4A0-44DF-BCB2-115E4C9AE971} = {B49A213B-4F79-443C-A8CF-5F94CA90257A}
		{E4429E8C-480F-49C9-ADC6-F956B3CC7334} = {B49A213B-4F79-443C-A8CF-5F94CA90257A}
		{8EA44AA5-C298-4BA1-B13D-A15DFE1E0DC1} = {B49A213B-4F79-443C-A8CF-5F94CA90257A}
		{8F08DA73-29B3-4A7A-B09D-ED821A8455CC} = {4E249597-17FC-4DEE-9735-99A000DEA51E}
	EndGlobalSection
	GlobalSection(ExtensibilityGlobals) = postSolution
		SolutionGuid = {E87E6ECC-525E-4756-888D-F19F2529D9B7}
	EndGlobalSection
EndGlobal
