
Microsoft Visual Studio Solution File, Format Version 12.00
# Visual Studio Version 17
VisualStudioVersion = 17.14.36109.1 d17.14
MinimumVisualStudioVersion = 10.0.40219.1
Project("{FAE04EC0-301F-11D3-BF4B-00C04F79EFBC}") = "CoreServiceWebApi", "CoreServiceWebApi\CoreServiceWebApi.csproj", "{C064DDE3-CE9F-4633-8F1D-73DC26F2BE39}"
EndProject
Project("{FAE04EC0-301F-11D3-BF4B-00C04F79EFBC}") = "CoreService.Domain", "CoreService.Domain\CoreService.Domain.csproj", "{10BAF611-901E-4835-A060-365DD0505443}"
EndProject
Project("{FAE04EC0-301F-11D3-BF4B-00C04F79EFBC}") = "CoreService.Infrastructure", "CoreService.Infrastructure\CoreService.Infrastructure.csproj", "{77F0D845-3045-4840-862A-B5C4A423731C}"
EndProject
Project("{FAE04EC0-301F-11D3-BF4B-00C04F79EFBC}") = "CoreService.Application", "CoreService.Application\CoreService.Application.csproj", "{4B5C096C-406F-4B10-A3F2-5B5EC07FFC6D}"
EndProject
Global
	GlobalSection(SolutionConfigurationPlatforms) = preSolution
		Debug|Any CPU = Debug|Any CPU
		Release|Any CPU = Release|Any CPU
	EndGlobalSection
	GlobalSection(ProjectConfigurationPlatforms) = postSolution
		{C064DDE3-CE9F-4633-8F1D-73DC26F2BE39}.Debug|Any CPU.ActiveCfg = Debug|Any CPU
		{C064DDE3-CE9F-4633-8F1D-73DC26F2BE39}.Debug|Any CPU.Build.0 = Debug|Any CPU
		{C064DDE3-CE9F-4633-8F1D-73DC26F2BE39}.Release|Any CPU.ActiveCfg = Release|Any CPU
		{C064DDE3-CE9F-4633-8F1D-73DC26F2BE39}.Release|Any CPU.Build.0 = Release|Any CPU
		{10BAF611-901E-4835-A060-365DD0505443}.Debug|Any CPU.ActiveCfg = Debug|Any CPU
		{10BAF611-901E-4835-A060-365DD0505443}.Debug|Any CPU.Build.0 = Debug|Any CPU
		{10BAF611-901E-4835-A060-365DD0505443}.Release|Any CPU.ActiveCfg = Release|Any CPU
		{10BAF611-901E-4835-A060-365DD0505443}.Release|Any CPU.Build.0 = Release|Any CPU
		{77F0D845-3045-4840-862A-B5C4A423731C}.Debug|Any CPU.ActiveCfg = Debug|Any CPU
		{77F0D845-3045-4840-862A-B5C4A423731C}.Debug|Any CPU.Build.0 = Debug|Any CPU
		{77F0D845-3045-4840-862A-B5C4A423731C}.Release|Any CPU.ActiveCfg = Release|Any CPU
		{77F0D845-3045-4840-862A-B5C4A423731C}.Release|Any CPU.Build.0 = Release|Any CPU
		{4B5C096C-406F-4B10-A3F2-5B5EC07FFC6D}.Debug|Any CPU.ActiveCfg = Debug|Any CPU
		{4B5C096C-406F-4B10-A3F2-5B5EC07FFC6D}.Debug|Any CPU.Build.0 = Debug|Any CPU
		{4B5C096C-406F-4B10-A3F2-5B5EC07FFC6D}.Release|Any CPU.ActiveCfg = Release|Any CPU
		{4B5C096C-406F-4B10-A3F2-5B5EC07FFC6D}.Release|Any CPU.Build.0 = Release|Any CPU
	EndGlobalSection
	GlobalSection(SolutionProperties) = preSolution
		HideSolutionNode = FALSE
	EndGlobalSection
	GlobalSection(ExtensibilityGlobals) = postSolution
		SolutionGuid = {E87E6ECC-525E-4756-888D-F19F2529D9B7}
	EndGlobalSection
EndGlobal
